<Solution>
  <Folder Name="/src/">
    <Project Path="src/PortJeuno.App/PortJeuno.App.csproj" />
    <Project Path="src/PortJeuno.Console/PortJeuno.Console.csproj" />
    <Project Path="src/PortJeuno.Core.Tests/PortJeuno.Core.Tests.csproj" />
    <Project Path="src/PortJeuno.Core/PortJeuno.Core.csproj" />
  </Folder>
</Solution>
